// !$*UTF8*$!
{
	archiveVersion = 1;
	classes = {
	};
	objectVersion = 110;
	objects = {

/* Begin PBXBuildFile section */
		A10000010000000000000012 /* com.shishishi3.duo-status.power-helper in Embed power helper */ = {isa = PBXBuildFile; fileRef = A10000010000000000000001 /* com.shishishi3.duo-status.power-helper */; };
		A10000010000000000000013 /* DuoStatusPowerHelper/com.shishishi3.duo-status.power-helper.plist in Embed power helper launchd plist */ = {isa = PBXBuildFile; fileRef = A1000001000000000000000D /* DuoStatusPowerHelper/com.shishishi3.duo-status.power-helper.plist */; };
		A10000010000000000000015 /* mac-duo-status/Domain/PMSetPowerModeParser.swift in Sources */ = {isa = PBXBuildFile; fileRef = A10000010000000000000014 /* mac-duo-status/Domain/PMSetPowerModeParser.swift */; };
/* End PBXBuildFile section */

/* Begin PBXContainerItemProxy section */
		0F69FE36305811FC002C656F /* PBXContainerItemProxy */ = {
			isa = PBXContainerItemProxy;
			containerPortal = 0F69FE1E305811FB002C656F /* Project object */;
			proxyType = 1;
			remoteGlobalIDString = 0F69FE25305811FB002C656F;
			remoteInfo = "mac-duo-status";
		};
		0F69FE40305811FC002C656F /* PBXContainerItemProxy */ = {
			isa = PBXContainerItemProxy;
			containerPortal = 0F69FE1E305811FB002C656F /* Project object */;
			proxyType = 1;
			remoteGlobalIDString = 0F69FE25305811FB002C656F;
			remoteInfo = "mac-duo-status";
		};
		A1000001000000000000000E /* PBXContainerItemProxy */ = {
			isa = PBXContainerItemProxy;
			containerPortal = 0F69FE1E305811FB002C656F /* Project object */;
			proxyType = 1;
			remoteGlobalIDString = A10000010000000000000003;
			remoteInfo = DuoStatusPowerHelper;
		};
/* End PBXContainerItemProxy section */

/* Begin PBXCopyFilesBuildPhase section */
		A10000010000000000000010 /* Embed power helper */ = {
			isa = PBXCopyFilesBuildPhase;
			dstPath = "";
			dstSubfolder = Executables;
			files = (
				A10000010000000000000012 /* com.shishishi3.duo-status.power-helper in Embed power helper */,
			);
			name = "Embed power helper";
		};
		A10000010000000000000011 /* Embed power helper launchd plist */ = {
			isa = PBXCopyFilesBuildPhase;
			dstPath = Contents/Library/LaunchDaemons;
			dstSubfolder = Wrapper;
			files = (
				A10000010000000000000013 /* DuoStatusPowerHelper/com.shishishi3.duo-status.power-helper.plist in Embed power helper launchd plist */,
			);
			name = "Embed power helper launchd plist";
		};
/* End PBXCopyFilesBuildPhase section */

/* Begin PBXFileReference section */
		0F69FE26305811FB002C656F /* mac-duo-status.app */ = {isa = PBXFileReference; explicitFileType = wrapper.application; includeInIndex = 0; path = "mac-duo-status.app"; sourceTree = BUILT_PRODUCTS_DIR; };
		0F69FE35305811FC002C656F /* mac-duo-statusTests.xctest */ = {isa = PBXFileReference; explicitFileType = wrapper.cfbundle; includeInIndex = 0; path = "mac-duo-statusTests.xctest"; sourceTree = BUILT_PRODUCTS_DIR; };
		0F69FE3F305811FC002C656F /* mac-duo-statusUITests.xctest */ = {isa = PBXFileReference; explicitFileType = wrapper.cfbundle; includeInIndex = 0; path = "mac-duo-statusUITests.xctest"; sourceTree = BUILT_PRODUCTS_DIR; };
		A10000010000000000000001 /* com.shishishi3.duo-status.power-helper */ = {isa = PBXFileReference; explicitFileType = "compiled.mach-o.executable"; includeInIndex = 0; path = "com.shishishi3.duo-status.power-helper"; sourceTree = BUILT_PRODUCTS_DIR; };
		A1000001000000000000000D /* DuoStatusPowerHelper/com.shishishi3.duo-status.power-helper.plist */ = {isa = PBXFileReference; lastKnownFileType = text.plist.xml; path = "DuoStatusPowerHelper/com.shishishi3.duo-status.power-helper.plist"; sourceTree = SOURCE_ROOT; };
		A10000010000000000000014 /* mac-duo-status/Domain/PMSetPowerModeParser.swift */ = {isa = PBXFileReference; lastKnownFileType = sourcecode.swift; path = "mac-duo-status/Domain/PMSetPowerModeParser.swift"; sourceTree = SOURCE_ROOT; };
/* End PBXFileReference section */

/* Begin PBXFileSystemSynchronizedRootGroup section */
		0F69FE28305811FB002C656F /* mac-duo-status */ = {
			isa = PBXFileSystemSynchronizedRootGroup;
			path = "mac-duo-status";
			sourceTree = "<group>";
		};
		0F69FE38305811FC002C656F /* mac-duo-statusTests */ = {
			isa = PBXFileSystemSynchronizedRootGroup;
			path = "mac-duo-statusTests";
			sourceTree = "<group>";
		};
		0F69FE42305811FC002C656F /* mac-duo-statusUITests */ = {
			isa = PBXFileSystemSynchronizedRootGroup;
			path = "mac-duo-statusUITests";
			sourceTree = "<group>";
		};
		A10000010000000000000002 /* DuoStatusPowerHelper */ = {
			isa = PBXFileSystemSynchronizedRootGroup;
			path = DuoStatusPowerHelper;
			sourceTree = "<group>";
		};
/* End PBXFileSystemSynchronizedRootGroup section */

/* Begin PBXFrameworksBuildPhase section */
		0F69FE23305811FB002C656F /* Frameworks */ = {
			isa = PBXFrameworksBuildPhase;
			files = (
			);
		};
		0F69FE32305811FC002C656F /* Frameworks */ = {
			isa = PBXFrameworksBuildPhase;
			files = (
			);
		};
		0F69FE3C305811FC002C656F /* Frameworks */ = {
			isa = PBXFrameworksBuildPhase;
			files = (
			);
		};
		A10000010000000000000005 /* Frameworks */ = {
			isa = PBXFrameworksBuildPhase;
			files = (
			);
		};
/* End PBXFrameworksBuildPhase section */

/* Begin PBXGroup section */
		0F213A87305D2529004F9716 /* Recovered References */ = {
			isa = PBXGroup;
			children = (
				A1000001000000000000000D /* DuoStatusPowerHelper/com.shishishi3.duo-status.power-helper.plist */,
			);
			name = "Recovered References";
			sourceTree = "<group>";
		};
		0F69FE1D305811FB002C656F = {
			isa = PBXGroup;
			children = (
				0F69FE28305811FB002C656F /* mac-duo-status */,
				0F69FE38305811FC002C656F /* mac-duo-statusTests */,
				0F69FE42305811FC002C656F /* mac-duo-statusUITests */,
				A10000010000000000000002 /* DuoStatusPowerHelper */,
				A10000010000000000000016 /* Shared power mode source */,
				0F69FE27305811FB002C656F /* Products */,
				0F213A87305D2529004F9716 /* Recovered References */,
			);
			sourceTree = "<group>";
		};
		0F69FE27305811FB002C656F /* Products */ = {
			isa = PBXGroup;
			children = (
				0F69FE26305811FB002C656F /* mac-duo-status.app */,
				0F69FE35305811FC002C656F /* mac-duo-statusTests.xctest */,
				0F69FE3F305811FC002C656F /* mac-duo-statusUITests.xctest */,
				A10000010000000000000001 /* com.shishishi3.duo-status.power-helper */,
			);
			name = Products;
			sourceTree = "<group>";
		};
		A10000010000000000000016 /* Shared power mode source */ = {
			isa = PBXGroup;
			children = (
				A10000010000000000000014 /* mac-duo-status/Domain/PMSetPowerModeParser.swift */,
			);
			name = "Shared power mode source";
			sourceTree = "<group>";
		};
/* End PBXGroup section */

/* Begin PBXNativeTarget section */
		0F69FE25305811FB002C656F /* mac-duo-status */ = {
			isa = PBXNativeTarget;
			buildConfigurationList = 0F69FE47305811FC002C656F /* Build configuration list for PBXNativeTarget "mac-duo-status" */;
			buildPhases = (
				0F69FE22305811FB002C656F /* Sources */,
				0F69FE23305811FB002C656F /* Frameworks */,
				0F69FE24305811FB002C656F /* Resources */,
				A10000010000000000000010 /* Embed power helper */,
				A10000010000000000000011 /* Embed power helper launchd plist */,
			);
			buildRules = (
			);
			dependencies = (
				A1000001000000000000000F /* PBXTargetDependency */,
			);
			fileSystemSynchronizedGroups = (
				0F69FE28305811FB002C656F /* mac-duo-status */,
			);
			name = "mac-duo-status";
			productName = "mac-duo-status";
			productReference = 0F69FE26305811FB002C656F /* mac-duo-status.app */;
			productType = "com.apple.product-type.application";
		};
		0F69FE34305811FC002C656F /* mac-duo-statusTests */ = {
			isa = PBXNativeTarget;
			buildConfigurationList = 0F69FE4A305811FC002C656F /* Build configuration list for PBXNativeTarget "mac-duo-statusTests" */;
			buildPhases = (
				0F69FE31305811FC002C656F /* Sources */,
				0F69FE32305811FC002C656F /* Frameworks */,
				0F69FE33305811FC002C656F /* Resources */,
			);
			buildRules = (
			);
			dependencies = (
				0F69FE37305811FC002C656F /* PBXTargetDependency */,
			);
			fileSystemSynchronizedGroups = (
				0F69FE38305811FC002C656F /* mac-duo-statusTests */,
			);
			name = "mac-duo-statusTests";
			productName = "mac-duo-statusTests";
			productReference = 0F69FE35305811FC002C656F /* mac-duo-statusTests.xctest */;
			productType = "com.apple.product-type.bundle.unit-test";
		};
		0F69FE3E305811FC002C656F /* mac-duo-statusUITests */ = {
			isa = PBXNativeTarget;
			buildConfigurationList = 0F69FE4D305811FC002C656F /* Build configuration list for PBXNativeTarget "mac-duo-statusUITests" */;
			buildPhases = (
				0F69FE3B305811FC002C656F /* Sources */,
				0F69FE3C305811FC002C656F /* Frameworks */,
				0F69FE3D305811FC002C656F /* Resources */,
			);
			buildRules = (
			);
			dependencies = (
				0F69FE41305811FC002C656F /* PBXTargetDependency */,
			);
			fileSystemSynchronizedGroups = (
				0F69FE42305811FC002C656F /* mac-duo-statusUITests */,
			);
			name = "mac-duo-statusUITests";
			productName = "mac-duo-statusUITests";
			productReference = 0F69FE3F305811FC002C656F /* mac-duo-statusUITests.xctest */;
			productType = "com.apple.product-type.bundle.ui-testing";
		};
		A10000010000000000000003 /* DuoStatusPowerHelper */ = {
			isa = PBXNativeTarget;
			buildConfigurationList = A10000010000000000000007 /* Build configuration list for PBXNativeTarget "DuoStatusPowerHelper" */;
			buildPhases = (
				A10000010000000000000004 /* Sources */,
				A10000010000000000000005 /* Frameworks */,
				A10000010000000000000006 /* Resources */,
			);
			buildRules = (
			);
			fileSystemSynchronizedGroups = (
				A10000010000000000000002 /* DuoStatusPowerHelper */,
			);
			name = DuoStatusPowerHelper;
			productName = "com.shishishi3.duo-status.power-helper";
			productReference = A10000010000000000000001 /* com.shishishi3.duo-status.power-helper */;
			productType = "com.apple.product-type.tool";
		};
/* End PBXNativeTarget section */

/* Begin PBXProject section */
		0F69FE1E305811FB002C656F /* Project object */ = {
			isa = PBXProject;
			attributes = {
				BuildIndependentTargetsInParallel = 1;
				LastSwiftUpdateCheck = 2700;
				LastUpgradeCheck = 2700;
				TargetAttributes = {
					0F69FE25305811FB002C656F = {
						CreatedOnToolsVersion = 27.0;
					};
					0F69FE34305811FC002C656F = {
						CreatedOnToolsVersion = 27.0;
						TestTargetID = 0F69FE25305811FB002C656F;
					};
					0F69FE3E305811FC002C656F = {
						CreatedOnToolsVersion = 27.0;
						TestTargetID = 0F69FE25305811FB002C656F;
					};
					A10000010000000000000003 = {
						CreatedOnToolsVersion = 27.0;
					};
				};
			};
			buildConfigurationList = 0F69FE21305811FB002C656F /* Build configuration list for PBXProject "mac-duo-status" */;
			developmentRegion = en;
			hasScannedForEncodings = 0;
			knownRegions = (
				en,
				Base,
				"zh-Hans",
			);
			mainGroup = 0F69FE1D305811FB002C656F;
			minimizedProjectReferenceProxies = 1;
			preferredProjectObjectVersion = 77;
			productRefGroup = 0F69FE27305811FB002C656F /* Products */;
			projectDirPath = "";
			projectRoot = "";
			targets = (
				0F69FE25305811FB002C656F /* mac-duo-status */,
				A10000010000000000000003 /* DuoStatusPowerHelper */,
				0F69FE34305811FC002C656F /* mac-duo-statusTests */,
				0F69FE3E305811FC002C656F /* mac-duo-statusUITests */,
			);
		};
/* End PBXProject section */

/* Begin PBXResourcesBuildPhase section */
		0F69FE24305811FB002C656F /* Resources */ = {
			isa = PBXResourcesBuildPhase;
			files = (
			);
		};
		0F69FE33305811FC002C656F /* Resources */ = {
			isa = PBXResourcesBuildPhase;
			files = (
			);
		};
		0F69FE3D305811FC002C656F /* Resources */ = {
			isa = PBXResourcesBuildPhase;
			files = (
			);
		};
		A10000010000000000000006 /* Resources */ = {
			isa = PBXResourcesBuildPhase;
			files = (
			);
		};
/* End PBXResourcesBuildPhase section */

/* Begin PBXSourcesBuildPhase section */
		0F69FE22305811FB002C656F /* Sources */ = {
			isa = PBXSourcesBuildPhase;
			files = (
			);
		};
		0F69FE31305811FC002C656F /* Sources */ = {
			isa = PBXSourcesBuildPhase;
			files = (
			);
		};
		0F69FE3B305811FC002C656F /* Sources */ = {
			isa = PBXSourcesBuildPhase;
			files = (
			);
		};
		A10000010000000000000004 /* Sources */ = {
			isa = PBXSourcesBuildPhase;
			files = (
				A10000010000000000000015 /* mac-duo-status/Domain/PMSetPowerModeParser.swift in Sources */,
			);
		};
/* End PBXSourcesBuildPhase section */

/* Begin PBXTargetDependency section */
		0F69FE37305811FC002C656F /* PBXTargetDependency */ = {
			isa = PBXTargetDependency;
			target = 0F69FE25305811FB002C656F /* mac-duo-status */;
			targetProxy = 0F69FE36305811FC002C656F /* PBXContainerItemProxy */;
		};
		0F69FE41305811FC002C656F /* PBXTargetDependency */ = {
			isa = PBXTargetDependency;
			target = 0F69FE25305811FB002C656F /* mac-duo-status */;
			targetProxy = 0F69FE40305811FC002C656F /* PBXContainerItemProxy */;
		};
		A1000001000000000000000F /* PBXTargetDependency */ = {
			isa = PBXTargetDependency;
			target = A10000010000000000000003 /* DuoStatusPowerHelper */;
			targetProxy = A1000001000000000000000E /* PBXContainerItemProxy */;
		};
/* End PBXTargetDependency section */

/* Begin XCBuildConfiguration section */
		0F69FE45305811FC002C656F /* Debug configuration for PBXProject "mac-duo-status" */ = {
			isa = XCBuildConfiguration;
			buildSettings = {
				ALWAYS_SEARCH_USER_PATHS = NO;
				ASSETCATALOG_COMPILER_GENERATE_SWIFT_ASSET_SYMBOL_EXTENSIONS = YES;
				CLANG_ANALYZER_NONNULL = YES;
				CLANG_ANALYZER_NUMBER_OBJECT_CONVERSION = YES_AGGRESSIVE;
				CLANG_CXX_LANGUAGE_STANDARD = "gnu++20";
				CLANG_ENABLE_MODULES = YES;
				CLANG_ENABLE_OBJC_ARC = YES;
				CLANG_ENABLE_OBJC_WEAK = YES;
				CLANG_WARN_BLOCK_CAPTURE_AUTORELEASING = YES;
				CLANG_WARN_BOOL_CONVERSION = YES;
				CLANG_WARN_COMMA = YES;
				CLANG_WARN_CONSTANT_CONVERSION = YES;
				CLANG_WARN_DEPRECATED_OBJC_IMPLEMENTATIONS = YES;
				CLANG_WARN_DIRECT_OBJC_ISA_USAGE = YES_ERROR;
				CLANG_WARN_DOCUMENTATION_COMMENTS = YES;
				CLANG_WARN_EMPTY_BODY = YES;
				CLANG_WARN_ENUM_CONVERSION = YES;
				CLANG_WARN_INFINITE_RECURSION = YES;
				CLANG_WARN_INT_CONVERSION = YES;
				CLANG_WARN_NON_LITERAL_NULL_CONVERSION = YES;
				CLANG_WARN_OBJC_IMPLICIT_RETAIN_SELF = YES;
				CLANG_WARN_OBJC_LITERAL_CONVERSION = YES;
				CLANG_WARN_OBJC_ROOT_CLASS = YES_ERROR;
				CLANG_WARN_QUOTED_INCLUDE_IN_FRAMEWORK_HEADER = YES;
				CLANG_WARN_RANGE_LOOP_ANALYSIS = YES;
				CLANG_WARN_STRICT_PROTOTYPES = YES;
				CLANG_WARN_SUSPICIOUS_MOVE = YES;
				CLANG_WARN_UNGUARDED_AVAILABILITY = YES_AGGRESSIVE;
				CLANG_WARN_UNREACHABLE_CODE = YES;
				CLANG_WARN__DUPLICATE_METHOD_MATCH = YES;
				COPY_PHASE_STRIP = NO;
				DEBUG_INFORMATION_FORMAT = dwarf;
				DEVELOPMENT_TEAM = PM2QH96LXN;
				ENABLE_STRICT_OBJC_MSGSEND = YES;
				ENABLE_TESTABILITY = YES;
				ENABLE_USER_SCRIPT_SANDBOXING = YES;
				GCC_C_LANGUAGE_STANDARD = gnu17;
				GCC_DYNAMIC_NO_PIC = NO;
				GCC_NO_COMMON_BLOCKS = YES;
				GCC_OPTIMIZATION_LEVEL = 0;
				GCC_PREPROCESSOR_DEFINITIONS = (
					"DEBUG=1",
					"$(inherited)",
				);
				GCC_WARN_64_TO_32_BIT_CONVERSION = YES;
				GCC_WARN_ABOUT_RETURN_TYPE = YES_ERROR;
				GCC_WARN_UNDECLARED_SELECTOR = YES;
				GCC_WARN_UNINITIALIZED_AUTOS = YES_AGGRESSIVE;
				GCC_WARN_UNUSED_FUNCTION = YES;
				GCC_WARN_UNUSED_VARIABLE = YES;
				LOCALIZATION_PREFERS_STRING_CATALOGS = YES;
				MACOSX_DEPLOYMENT_TARGET = 13.0;
				MTL_ENABLE_DEBUG_INFO = INCLUDE_SOURCE;
				MTL_FAST_MATH = YES;
				ONLY_ACTIVE_ARCH = YES;
				SDKROOT = macosx;
				SWIFT_ACTIVE_COMPILATION_CONDITIONS = "DEBUG $(inherited)";
				SWIFT_OPTIMIZATION_LEVEL = "-Onone";
			};
			name = Debug;
		};
		0F69FE46305811FC002C656F /* Release configuration for PBXProject "mac-duo-status" */ = {
			isa = XCBuildConfiguration;
			buildSettings = {
				ALWAYS_SEARCH_USER_PATHS = NO;
				ASSETCATALOG_COMPILER_GENERATE_SWIFT_ASSET_SYMBOL_EXTENSIONS = YES;
				CLANG_ANALYZER_NONNULL = YES;
				CLANG_ANALYZER_NUMBER_OBJECT_CONVERSION = YES_AGGRESSIVE;
				CLANG_CXX_LANGUAGE_STANDARD = "gnu++20";
				CLANG_ENABLE_MODULES = YES;
				CLANG_ENABLE_OBJC_ARC = YES;
				CLANG_ENABLE_OBJC_WEAK = YES;
				CLANG_WARN_BLOCK_CAPTURE_AUTORELEASING = YES;
				CLANG_WARN_BOOL_CONVERSION = YES;
				CLANG_WARN_COMMA = YES;
				CLANG_WARN_CONSTANT_CONVERSION = YES;
				CLANG_WARN_DEPRECATED_OBJC_IMPLEMENTATIONS = YES;
				CLANG_WARN_DIRECT_OBJC_ISA_USAGE = YES_ERROR;
				CLANG_WARN_DOCUMENTATION_COMMENTS = YES;
				CLANG_WARN_EMPTY_BODY = YES;
				CLANG_WARN_ENUM_CONVERSION = YES;
				CLANG_WARN_INFINITE_RECURSION = YES;
				CLANG_WARN_INT_CONVERSION = YES;
				CLANG_WARN_NON_LITERAL_NULL_CONVERSION = YES;
				CLANG_WARN_OBJC_IMPLICIT_RETAIN_SELF = YES;
				CLANG_WARN_OBJC_LITERAL_CONVERSION = YES;
				CLANG_WARN_OBJC_ROOT_CLASS = YES_ERROR;
				CLANG_WARN_QUOTED_INCLUDE_IN_FRAMEWORK_HEADER = YES;
				CLANG_WARN_RANGE_LOOP_ANALYSIS = YES;
				CLANG_WARN_STRICT_PROTOTYPES = YES;
				CLANG_WARN_SUSPICIOUS_MOVE = YES;
				CLANG_WARN_UNGUARDED_AVAILABILITY = YES_AGGRESSIVE;
				CLANG_WARN_UNREACHABLE_CODE = YES;
				CLANG_WARN__DUPLICATE_METHOD_MATCH = YES;
				COPY_PHASE_STRIP = NO;
				DEBUG_INFORMATION_FORMAT = "dwarf-with-dsym";
				DEVELOPMENT_TEAM = PM2QH96LXN;
				ENABLE_NS_ASSERTIONS = NO;
				ENABLE_STRICT_OBJC_MSGSEND = YES;
				ENABLE_USER_SCRIPT_SANDBOXING = YES;
				GCC_C_LANGUAGE_STANDARD = gnu17;
				GCC_NO_COMMON_BLOCKS = YES;
				GCC_WARN_64_TO_32_BIT_CONVERSION = YES;
				GCC_WARN_ABOUT_RETURN_TYPE = YES_ERROR;
				GCC_WARN_UNDECLARED_SELECTOR = YES;
				GCC_WARN_UNINITIALIZED_AUTOS = YES_AGGRESSIVE;
				GCC_WARN_UNUSED_FUNCTION = YES;
				GCC_WARN_UNUSED_VARIABLE = YES;
				LOCALIZATION_PREFERS_STRING_CATALOGS = YES;
				MACOSX_DEPLOYMENT_TARGET = 13.0;
				MTL_ENABLE_DEBUG_INFO = NO;
				MTL_FAST_MATH = YES;
				SDKROOT = macosx;
				SWIFT_COMPILATION_MODE = wholemodule;
			};
			name = Release;
		};
		0F69FE48305811FC002C656F /* Debug configuration for PBXNativeTarget "mac-duo-status" */ = {
			isa = XCBuildConfiguration;
			buildSettings = {
				ASSETCATALOG_COMPILER_APPICON_NAME = AppIcon;
				ASSETCATALOG_COMPILER_GLOBAL_ACCENT_COLOR_NAME = AccentColor;
				CODE_SIGN_ENTITLEMENTS = "mac-duo-status/mac-duo-status.entitlements";
				CODE_SIGN_STYLE = Automatic;
				COMBINE_HIDPI_IMAGES = YES;
				CURRENT_PROJECT_VERSION = 2;
				DEVELOPMENT_TEAM = PM2QH96LXN;
				ENABLE_APP_SANDBOX = NO;
				ENABLE_HARDENED_RUNTIME = YES;
				ENABLE_PREVIEWS = YES;
				ENABLE_USER_SELECTED_FILES = readonly;
				GENERATE_INFOPLIST_FILE = YES;
				INFOPLIST_KEY_CFBundleDisplayName = "Duo Status";
				INFOPLIST_KEY_LSApplicationCategoryType = "public.app-category.utilities";
				INFOPLIST_KEY_LSUIElement = YES;
				INFOPLIST_KEY_NSHumanReadableCopyright = "";
				INFOPLIST_KEY_NSLocationWhenInUseUsageDescription = "Duo Status uses location access to show nearby Wi-Fi networks.";
				LD_RUNPATH_SEARCH_PATHS = (
					"$(inherited)",
					"@executable_path/../Frameworks",
				);
				MARKETING_VERSION = 1.1.0;
				PRODUCT_BUNDLE_IDENTIFIER = "com.shishishi3.mac-duo-status";
				PRODUCT_NAME = "$(TARGET_NAME)";
				REGISTER_APP_GROUPS = YES;
				STRING_CATALOG_GENERATE_SYMBOLS = YES;
				SWIFT_APPROACHABLE_CONCURRENCY = YES;
				SWIFT_DEFAULT_ACTOR_ISOLATION = MainActor;
				SWIFT_EMIT_LOC_STRINGS = YES;
				SWIFT_UPCOMING_FEATURE_MEMBER_IMPORT_VISIBILITY = YES;
				SWIFT_VERSION = 5.0;
			};
			name = Debug;
		};
		0F69FE49305811FC002C656F /* Release configuration for PBXNativeTarget "mac-duo-status" */ = {
			isa = XCBuildConfiguration;
			buildSettings = {
				ASSETCATALOG_COMPILER_APPICON_NAME = AppIcon;
				ASSETCATALOG_COMPILER_GLOBAL_ACCENT_COLOR_NAME = AccentColor;
				CODE_SIGN_ENTITLEMENTS = "mac-duo-status/mac-duo-status.entitlements";
				CODE_SIGN_STYLE = Automatic;
				COMBINE_HIDPI_IMAGES = YES;
				CURRENT_PROJECT_VERSION = 2;
				DEVELOPMENT_TEAM = PM2QH96LXN;
				ENABLE_APP_SANDBOX = NO;
				ENABLE_HARDENED_RUNTIME = YES;
				ENABLE_PREVIEWS = YES;
				ENABLE_USER_SELECTED_FILES = readonly;
				GENERATE_INFOPLIST_FILE = YES;
				INFOPLIST_KEY_CFBundleDisplayName = "Duo Status";
				INFOPLIST_KEY_LSApplicationCategoryType = "public.app-category.utilities";
				INFOPLIST_KEY_LSUIElement = YES;
				INFOPLIST_KEY_NSHumanReadableCopyright = "";
				INFOPLIST_KEY_NSLocationWhenInUseUsageDescription = "Duo Status uses location access to show nearby Wi-Fi networks.";
				LD_RUNPATH_SEARCH_PATHS = (
					"$(inherited)",
					"@executable_path/../Frameworks",
				);
				MARKETING_VERSION = 1.1.0;
				PRODUCT_BUNDLE_IDENTIFIER = "com.shishishi3.mac-duo-status";
				PRODUCT_NAME = "$(TARGET_NAME)";
				REGISTER_APP_GROUPS = YES;
				STRING_CATALOG_GENERATE_SYMBOLS = YES;
				SWIFT_APPROACHABLE_CONCURRENCY = YES;
				SWIFT_DEFAULT_ACTOR_ISOLATION = MainActor;
				SWIFT_EMIT_LOC_STRINGS = YES;
				SWIFT_UPCOMING_FEATURE_MEMBER_IMPORT_VISIBILITY = YES;
				SWIFT_VERSION = 5.0;
			};
			name = Release;
		};
		0F69FE4B305811FC002C656F /* Debug configuration for PBXNativeTarget "mac-duo-statusTests" */ = {
			isa = XCBuildConfiguration;
			buildSettings = {
				BUNDLE_LOADER = "$(TEST_HOST)";
				CODE_SIGN_STYLE = Automatic;
				CURRENT_PROJECT_VERSION = 2;
				DEVELOPMENT_TEAM = PM2QH96LXN;
				GENERATE_INFOPLIST_FILE = YES;
				MACOSX_DEPLOYMENT_TARGET = 13.0;
				MARKETING_VERSION = 1.1.0;
				PRODUCT_BUNDLE_IDENTIFIER = "com.shishishi3.mac-duo-statusTests";
				PRODUCT_NAME = "$(TARGET_NAME)";
				STRING_CATALOG_GENERATE_SYMBOLS = NO;
				SWIFT_APPROACHABLE_CONCURRENCY = YES;
				SWIFT_EMIT_LOC_STRINGS = NO;
				SWIFT_UPCOMING_FEATURE_MEMBER_IMPORT_VISIBILITY = YES;
				SWIFT_VERSION = 5.0;
				TEST_HOST = "$(BUILT_PRODUCTS_DIR)/mac-duo-status.app/$(BUNDLE_EXECUTABLE_FOLDER_PATH)/mac-duo-status";
			};
			name = Debug;
		};
		0F69FE4C305811FC002C656F /* Release configuration for PBXNativeTarget "mac-duo-statusTests" */ = {
			isa = XCBuildConfiguration;
			buildSettings = {
				BUNDLE_LOADER = "$(TEST_HOST)";
				CODE_SIGN_STYLE = Automatic;
				CURRENT_PROJECT_VERSION = 2;
				DEVELOPMENT_TEAM = PM2QH96LXN;
				GENERATE_INFOPLIST_FILE = YES;
				MACOSX_DEPLOYMENT_TARGET = 13.0;
				MARKETING_VERSION = 1.1.0;
				PRODUCT_BUNDLE_IDENTIFIER = "com.shishishi3.mac-duo-statusTests";
				PRODUCT_NAME = "$(TARGET_NAME)";
				STRING_CATALOG_GENERATE_SYMBOLS = NO;
				SWIFT_APPROACHABLE_CONCURRENCY = YES;
				SWIFT_EMIT_LOC_STRINGS = NO;
				SWIFT_UPCOMING_FEATURE_MEMBER_IMPORT_VISIBILITY = YES;
				SWIFT_VERSION = 5.0;
				TEST_HOST = "$(BUILT_PRODUCTS_DIR)/mac-duo-status.app/$(BUNDLE_EXECUTABLE_FOLDER_PATH)/mac-duo-status";
			};
			name = Release;
		};
		0F69FE4E305811FC002C656F /* Debug configuration for PBXNativeTarget "mac-duo-statusUITests" */ = {
			isa = XCBuildConfiguration;
			buildSettings = {
				CODE_SIGN_STYLE = Automatic;
				CURRENT_PROJECT_VERSION = 2;
				DEVELOPMENT_TEAM = PM2QH96LXN;
				GENERATE_INFOPLIST_FILE = YES;
				MARKETING_VERSION = 1.1.0;
				PRODUCT_BUNDLE_IDENTIFIER = "com.shishishi3.mac-duo-statusUITests";
				PRODUCT_NAME = "$(TARGET_NAME)";
				STRING_CATALOG_GENERATE_SYMBOLS = NO;
				SWIFT_APPROACHABLE_CONCURRENCY = YES;
				SWIFT_EMIT_LOC_STRINGS = NO;
				SWIFT_UPCOMING_FEATURE_MEMBER_IMPORT_VISIBILITY = YES;
				SWIFT_VERSION = 5.0;
				TEST_TARGET_NAME = "mac-duo-status";
			};
			name = Debug;
		};
		0F69FE4F305811FC002C656F /* Release configuration for PBXNativeTarget "mac-duo-statusUITests" */ = {
			isa = XCBuildConfiguration;
			buildSettings = {
				CODE_SIGN_STYLE = Automatic;
				CURRENT_PROJECT_VERSION = 2;
				DEVELOPMENT_TEAM = PM2QH96LXN;
				GENERATE_INFOPLIST_FILE = YES;
				MARKETING_VERSION = 1.1.0;
				PRODUCT_BUNDLE_IDENTIFIER = "com.shishishi3.mac-duo-statusUITests";
				PRODUCT_NAME = "$(TARGET_NAME)";
				STRING_CATALOG_GENERATE_SYMBOLS = NO;
				SWIFT_APPROACHABLE_CONCURRENCY = YES;
				SWIFT_EMIT_LOC_STRINGS = NO;
				SWIFT_UPCOMING_FEATURE_MEMBER_IMPORT_VISIBILITY = YES;
				SWIFT_VERSION = 5.0;
				TEST_TARGET_NAME = "mac-duo-status";
			};
			name = Release;
		};
		A10000010000000000000008 /* Debug configuration for PBXNativeTarget "DuoStatusPowerHelper" */ = {
			isa = XCBuildConfiguration;
			buildSettings = {
				CODE_SIGN_STYLE = Automatic;
				CURRENT_PROJECT_VERSION = 2;
				DEVELOPMENT_TEAM = PM2QH96LXN;
				GENERATE_INFOPLIST_FILE = YES;
				MACOSX_DEPLOYMENT_TARGET = 13.0;
				MARKETING_VERSION = 1.1.0;
				PRODUCT_BUNDLE_IDENTIFIER = "com.shishishi3.mac-duo-status.power-helper";
				PRODUCT_NAME = "com.shishishi3.duo-status.power-helper";
				SWIFT_APPROACHABLE_CONCURRENCY = YES;
				SWIFT_EMIT_LOC_STRINGS = NO;
				SWIFT_UPCOMING_FEATURE_MEMBER_IMPORT_VISIBILITY = YES;
				SWIFT_VERSION = 5.0;
			};
			name = Debug;
		};
		A10000010000000000000009 /* Release configuration for PBXNativeTarget "DuoStatusPowerHelper" */ = {
			isa = XCBuildConfiguration;
			buildSettings = {
				CODE_SIGN_STYLE = Automatic;
				CURRENT_PROJECT_VERSION = 2;
				DEVELOPMENT_TEAM = PM2QH96LXN;
				GENERATE_INFOPLIST_FILE = YES;
				MACOSX_DEPLOYMENT_TARGET = 13.0;
				MARKETING_VERSION = 1.1.0;
				PRODUCT_BUNDLE_IDENTIFIER = "com.shishishi3.mac-duo-status.power-helper";
				PRODUCT_NAME = "com.shishishi3.duo-status.power-helper";
				SWIFT_APPROACHABLE_CONCURRENCY = YES;
				SWIFT_COMPILATION_MODE = wholemodule;
				SWIFT_EMIT_LOC_STRINGS = NO;
				SWIFT_UPCOMING_FEATURE_MEMBER_IMPORT_VISIBILITY = YES;
				SWIFT_VERSION = 5.0;
			};
			name = Release;
		};
/* End XCBuildConfiguration section */

/* Begin XCConfigurationList section */
		0F69FE21305811FB002C656F /* Build configuration list for PBXProject "mac-duo-status" */ = {
			isa = XCConfigurationList;
			buildConfigurations = (
				0F69FE45305811FC002C656F /* Debug configuration for PBXProject "mac-duo-status" */,
				0F69FE46305811FC002C656F /* Release configuration for PBXProject "mac-duo-status" */,
			);
			defaultConfigurationName = Release;
		};
		0F69FE47305811FC002C656F /* Build configuration list for PBXNativeTarget "mac-duo-status" */ = {
			isa = XCConfigurationList;
			buildConfigurations = (
				0F69FE48305811FC002C656F /* Debug configuration for PBXNativeTarget "mac-duo-status" */,
				0F69FE49305811FC002C656F /* Release configuration for PBXNativeTarget "mac-duo-status" */,
			);
			defaultConfigurationName = Release;
		};
		0F69FE4A305811FC002C656F /* Build configuration list for PBXNativeTarget "mac-duo-statusTests" */ = {
			isa = XCConfigurationList;
			buildConfigurations = (
				0F69FE4B305811FC002C656F /* Debug configuration for PBXNativeTarget "mac-duo-statusTests" */,
				0F69FE4C305811FC002C656F /* Release configuration for PBXNativeTarget "mac-duo-statusTests" */,
			);
			defaultConfigurationName = Release;
		};
		0F69FE4D305811FC002C656F /* Build configuration list for PBXNativeTarget "mac-duo-statusUITests" */ = {
			isa = XCConfigurationList;
			buildConfigurations = (
				0F69FE4E305811FC002C656F /* Debug configuration for PBXNativeTarget "mac-duo-statusUITests" */,
				0F69FE4F305811FC002C656F /* Release configuration for PBXNativeTarget "mac-duo-statusUITests" */,
			);
			defaultConfigurationName = Release;
		};
		A10000010000000000000007 /* Build configuration list for PBXNativeTarget "DuoStatusPowerHelper" */ = {
			isa = XCConfigurationList;
			buildConfigurations = (
				A10000010000000000000008 /* Debug configuration for PBXNativeTarget "DuoStatusPowerHelper" */,
				A10000010000000000000009 /* Release configuration for PBXNativeTarget "DuoStatusPowerHelper" */,
			);
			defaultConfigurationName = Release;
		};
/* End XCConfigurationList section */
	};
	rootObject = 0F69FE1E305811FB002C656F /* Project object */;
	validationLevel = 1;
}
